// !$*UTF8*$!
{
	archiveVersion = 1;
	classes = {
	};
	objectVersion = 48;
	objects = {

/* Begin PBXBuildFile section */
		7018F2821FFB61B90060CC33 /* WMPhotoBrowser.m in Sources */ = {isa = PBXBuildFile; fileRef = 7018F2811FFB61B90060CC33 /* WMPhotoBrowser.m */; };
		7018F2851FFB62560060CC33 /* WMPhotoBrowserCell.m in Sources */ = {isa = PBXBuildFile; fileRef = 7018F2841FFB62560060CC33 /* WMPhotoBrowserCell.m */; };
		701ECBA41FF6405A00EC8B4A /* AppDelegate.m in Sources */ = {isa = PBXBuildFile; fileRef = 701ECBA31FF6405A00EC8B4A /* AppDelegate.m */; };
		701ECBA71FF6405A00EC8B4A /* ViewController.m in Sources */ = {isa = PBXBuildFile; fileRef = 701ECBA61FF6405A00EC8B4A /* ViewController.m */; };
		701ECBAA1FF6405A00EC8B4A /* Main.storyboard in Resources */ = {isa = PBXBuildFile; fileRef = 701ECBA81FF6405A00EC8B4A /* Main.storyboard */; };
		701ECBAC1FF6405A00EC8B4A /* Assets.xcassets in Resources */ = {isa = PBXBuildFile; fileRef = 701ECBAB1FF6405A00EC8B4A /* Assets.xcassets */; };
		701ECBAF1FF6405A00EC8B4A /* LaunchScreen.storyboard in Resources */ = {isa = PBXBuildFile; fileRef = 701ECBAD1FF6405A00EC8B4A /* LaunchScreen.storyboard */; };
		701ECBB21FF6405A00EC8B4A /* main.m in Sources */ = {isa = PBXBuildFile; fileRef = 701ECBB11FF6405A00EC8B4A /* main.m */; };
		702B6EAE1FFF179D00723A50 /* UIView+WMFrame.m in Sources */ = {isa = PBXBuildFile; fileRef = 702B6EAD1FFF179D00723A50 /* UIView+WMFrame.m */; };
		702B6ED11FFF185D00723A50 /* MKAnnotationView+WebCache.m in Sources */ = {isa = PBXBuildFile; fileRef = 702B6EB11FFF185D00723A50 /* MKAnnotationView+WebCache.m */; };
		702B6ED21FFF185D00723A50 /* NSData+ImageContentType.m in Sources */ = {isa = PBXBuildFile; fileRef = 702B6EB31FFF185D00723A50 /* NSData+ImageContentType.m */; };
		702B6ED31FFF185D00723A50 /* SDImageCache.m in Sources */ = {isa = PBXBuildFile; fileRef = 702B6EB51FFF185D00723A50 /* SDImageCache.m */; };
		702B6ED41FFF185D00723A50 /* SDWebImageCompat.m in Sources */ = {isa = PBXBuildFile; fileRef = 702B6EB71FFF185D00723A50 /* SDWebImageCompat.m */; };
		702B6ED51FFF185D00723A50 /* SDWebImageDecoder.m in Sources */ = {isa = PBXBuildFile; fileRef = 702B6EB91FFF185D00723A50 /* SDWebImageDecoder.m */; };
		702B6ED61FFF185D00723A50 /* SDWebImageDownloader.m in Sources */ = {isa = PBXBuildFile; fileRef = 702B6EBB1FFF185D00723A50 /* SDWebImageDownloader.m */; };
		702B6ED71FFF185D00723A50 /* SDWebImageDownloaderOperation.m in Sources */ = {isa = PBXBuildFile; fileRef = 702B6EBD1FFF185D00723A50 /* SDWebImageDownloaderOperation.m */; };
		702B6ED81FFF185D00723A50 /* SDWebImageManager.m in Sources */ = {isa = PBXBuildFile; fileRef = 702B6EBF1FFF185D00723A50 /* SDWebImageManager.m */; };
		702B6ED91FFF185D00723A50 /* SDWebImagePrefetcher.m in Sources */ = {isa = PBXBuildFile; fileRef = 702B6EC21FFF185D00723A50 /* SDWebImagePrefetcher.m */; };
		702B6EDA1FFF185D00723A50 /* UIButton+WebCache.m in Sources */ = {isa = PBXBuildFile; fileRef = 702B6EC41FFF185D00723A50 /* UIButton+WebCache.m */; };
		702B6EDB1FFF185D00723A50 /* UIImage+GIF.m in Sources */ = {isa = PBXBuildFile; fileRef = 702B6EC61FFF185D00723A50 /* UIImage+GIF.m */; };
		702B6EDC1FFF185D00723A50 /* UIImage+MultiFormat.m in Sources */ = {isa = PBXBuildFile; fileRef = 702B6EC81FFF185D00723A50 /* UIImage+MultiFormat.m */; };
		702B6EDD1FFF185D00723A50 /* UIImage+WebP.m in Sources */ = {isa = PBXBuildFile; fileRef = 702B6ECA1FFF185D00723A50 /* UIImage+WebP.m */; };
		702B6EDE1FFF185D00723A50 /* UIImageView+HighlightedWebCache.m in Sources */ = {isa = PBXBuildFile; fileRef = 702B6ECC1FFF185D00723A50 /* UIImageView+HighlightedWebCache.m */; };
		702B6EDF1FFF185D00723A50 /* UIImageView+WebCache.m in Sources */ = {isa = PBXBuildFile; fileRef = 702B6ECE1FFF185D00723A50 /* UIImageView+WebCache.m */; };
		702B6EE01FFF185D00723A50 /* UIView+WebCacheOperation.m in Sources */ = {isa = PBXBuildFile; fileRef = 702B6ED01FFF185D00723A50 /* UIView+WebCacheOperation.m */; };
		702B6EE71FFF197300723A50 /* MBProgressHUD+Show.m in Sources */ = {isa = PBXBuildFile; fileRef = 702B6EE31FFF197300723A50 /* MBProgressHUD+Show.m */; };
		702B6EE81FFF197300723A50 /* MBProgressHUD.bundle in Resources */ = {isa = PBXBuildFile; fileRef = 702B6EE41FFF197300723A50 /* MBProgressHUD.bundle */; };
		702B6EE91FFF197300723A50 /* MBProgressHUD.m in Sources */ = {isa = PBXBuildFile; fileRef = 702B6EE61FFF197300723A50 /* MBProgressHUD.m */; };
		702B6EED1FFF1A6000723A50 /* resource.xcassets in Resources */ = {isa = PBXBuildFile; fileRef = 702B6EEC1FFF1A6000723A50 /* resource.xcassets */; };
		702B6F001FFF38DE00723A50 /* BaseViewController.m in Sources */ = {isa = PBXBuildFile; fileRef = 702B6EFF1FFF38DE00723A50 /* BaseViewController.m */; };
		702B6F021FFF5E7C00723A50 /* WMPhotoBrowser.gif in Resources */ = {isa = PBXBuildFile; fileRef = 702B6F011FFF5E7B00723A50 /* WMPhotoBrowser.gif */; };
/* End PBXBuildFile section */

/* Begin PBXFileReference section */
		7018F2801FFB61B90060CC33 /* WMPhotoBrowser.h */ = {isa = PBXFileReference; lastKnownFileType = sourcecode.c.h; path = WMPhotoBrowser.h; sourceTree = "<group>"; };
		7018F2811FFB61B90060CC33 /* WMPhotoBrowser.m */ = {isa = PBXFileReference; lastKnownFileType = sourcecode.c.objc; path = WMPhotoBrowser.m; sourceTree = "<group>"; };
		7018F2831FFB62560060CC33 /* WMPhotoBrowserCell.h */ = {isa = PBXFileReference; lastKnownFileType = sourcecode.c.h; path = WMPhotoBrowserCell.h; sourceTree = "<group>"; };
		7018F2841FFB62560060CC33 /* WMPhotoBrowserCell.m */ = {isa = PBXFileReference; lastKnownFileType = sourcecode.c.objc; path = WMPhotoBrowserCell.m; sourceTree = "<group>"; };
		701ECB9F1FF6405A00EC8B4A /* WMPhotoBrowser.app */ = {isa = PBXFileReference; explicitFileType = wrapper.application; includeInIndex = 0; path = WMPhotoBrowser.app; sourceTree = BUILT_PRODUCTS_DIR; };
		701ECBA21FF6405A00EC8B4A /* AppDelegate.h */ = {isa = PBXFileReference; lastKnownFileType = sourcecode.c.h; path = AppDelegate.h; sourceTree = "<group>"; };
		701ECBA31FF6405A00EC8B4A /* AppDelegate.m */ = {isa = PBXFileReference; lastKnownFileType = sourcecode.c.objc; path = AppDelegate.m; sourceTree = "<group>"; };
		701ECBA51FF6405A00EC8B4A /* ViewController.h */ = {isa = PBXFileReference; lastKnownFileType = sourcecode.c.h; path = ViewController.h; sourceTree = "<group>"; };
		701ECBA61FF6405A00EC8B4A /* ViewController.m */ = {isa = PBXFileReference; lastKnownFileType = sourcecode.c.objc; path = ViewController.m; sourceTree = "<group>"; };
		701ECBA91FF6405A00EC8B4A /* Base */ = {isa = PBXFileReference; lastKnownFileType = file.storyboard; name = Base; path = Base.lproj/Main.storyboard; sourceTree = "<group>"; };
		701ECBAB1FF6405A00EC8B4A /* Assets.xcassets */ = {isa = PBXFileReference; lastKnownFileType = folder.assetcatalog; path = Assets.xcassets; sourceTree = "<group>"; };
		701ECBAE1FF6405A00EC8B4A /* Base */ = {isa = PBXFileReference; lastKnownFileType = file.storyboard; name = Base; path = Base.lproj/LaunchScreen.storyboard; sourceTree = "<group>"; };
		701ECBB01FF6405A00EC8B4A /* Info.plist */ = {isa = PBXFileReference; lastKnownFileType = text.plist.xml; path = Info.plist; sourceTree = "<group>"; };
		701ECBB11FF6405A00EC8B4A /* main.m */ = {isa = PBXFileReference; lastKnownFileType = sourcecode.c.objc; path = main.m; sourceTree = "<group>"; };
		702B6EAC1FFF179D00723A50 /* UIView+WMFrame.h */ = {isa = PBXFileReference; lastKnownFileType = sourcecode.c.h; path = "UIView+WMFrame.h"; sourceTree = "<group>"; };
		702B6EAD1FFF179D00723A50 /* UIView+WMFrame.m */ = {isa = PBXFileReference; lastKnownFileType = sourcecode.c.objc; path = "UIView+WMFrame.m"; sourceTree = "<group>"; };
		702B6EB01FFF185D00723A50 /* MKAnnotationView+WebCache.h */ = {isa = PBXFileReference; fileEncoding = 4; lastKnownFileType = sourcecode.c.h; path = "MKAnnotationView+WebCache.h"; sourceTree = "<group>"; };
		702B6EB11FFF185D00723A50 /* MKAnnotationView+WebCache.m */ = {isa = PBXFileReference; fileEncoding = 4; lastKnownFileType = sourcecode.c.objc; path = "MKAnnotationView+WebCache.m"; sourceTree = "<group>"; };
		702B6EB21FFF185D00723A50 /* NSData+ImageContentType.h */ = {isa = PBXFileReference; fileEncoding = 4; lastKnownFileType = sourcecode.c.h; path = "NSData+ImageContentType.h"; sourceTree = "<group>"; };
		702B6EB31FFF185D00723A50 /* NSData+ImageContentType.m */ = {isa = PBXFileReference; fileEncoding = 4; lastKnownFileType = sourcecode.c.objc; path = "NSData+ImageContentType.m"; sourceTree = "<group>"; };
		702B6EB41FFF185D00723A50 /* SDImageCache.h */ = {isa = PBXFileReference; fileEncoding = 4; lastKnownFileType = sourcecode.c.h; path = SDImageCache.h; sourceTree = "<group>"; };
		702B6EB51FFF185D00723A50 /* SDImageCache.m */ = {isa = PBXFileReference; fileEncoding = 4; lastKnownFileType = sourcecode.c.objc; path = SDImageCache.m; sourceTree = "<group>"; };
		702B6EB61FFF185D00723A50 /* SDWebImageCompat.h */ = {isa = PBXFileReference; fileEncoding = 4; lastKnownFileType = sourcecode.c.h; path = SDWebImageCompat.h; sourceTree = "<group>"; };
		702B6EB71FFF185D00723A50 /* SDWebImageCompat.m */ = {isa = PBXFileReference; fileEncoding = 4; lastKnownFileType = sourcecode.c.objc; path = SDWebImageCompat.m; sourceTree = "<group>"; };
		702B6EB81FFF185D00723A50 /* SDWebImageDecoder.h */ = {isa = PBXFileReference; fileEncoding = 4; lastKnownFileType = sourcecode.c.h; path = SDWebImageDecoder.h; sourceTree = "<group>"; };
		702B6EB91FFF185D00723A50 /* SDWebImageDecoder.m */ = {isa = PBXFileReference; fileEncoding = 4; lastKnownFileType = sourcecode.c.objc; path = SDWebImageDecoder.m; sourceTree = "<group>"; };
		702B6EBA1FFF185D00723A50 /* SDWebImageDownloader.h */ = {isa = PBXFileReference; fileEncoding = 4; lastKnownFileType = sourcecode.c.h; path = SDWebImageDownloader.h; sourceTree = "<group>"; };
		702B6EBB1FFF185D00723A50 /* SDWebImageDownloader.m */ = {isa = PBXFileReference; fileEncoding = 4; lastKnownFileType = sourcecode.c.objc; path = SDWebImageDownloader.m; sourceTree = "<group>"; };
		702B6EBC1FFF185D00723A50 /* SDWebImageDownloaderOperation.h */ = {isa = PBXFileReference; fileEncoding = 4; lastKnownFileType = sourcecode.c.h; path = SDWebImageDownloaderOperation.h; sourceTree = "<group>"; };
		702B6EBD1FFF185D00723A50 /* SDWebImageDownloaderOperation.m */ = {isa = PBXFileReference; fileEncoding = 4; lastKnownFileType = sourcecode.c.objc; path = SDWebImageDownloaderOperation.m; sourceTree = "<group>"; };
		702B6EBE1FFF185D00723A50 /* SDWebImageManager.h */ = {isa = PBXFileReference; fileEncoding = 4; lastKnownFileType = sourcecode.c.h; path = SDWebImageManager.h; sourceTree = "<group>"; };
		702B6EBF1FFF185D00723A50 /* SDWebImageManager.m */ = {isa = PBXFileReference; fileEncoding = 4; lastKnownFileType = sourcecode.c.objc; path = SDWebImageManager.m; sourceTree = "<group>"; };
		702B6EC01FFF185D00723A50 /* SDWebImageOperation.h */ = {isa = PBXFileReference; fileEncoding = 4; lastKnownFileType = sourcecode.c.h; path = SDWebImageOperation.h; sourceTree = "<group>"; };
		702B6EC11FFF185D00723A50 /* SDWebImagePrefetcher.h */ = {isa = PBXFileReference; fileEncoding = 4; lastKnownFileType = sourcecode.c.h; path = SDWebImagePrefetcher.h; sourceTree = "<group>"; };
		702B6EC21FFF185D00723A50 /* SDWebImagePrefetcher.m */ = {isa = PBXFileReference; fileEncoding = 4; lastKnownFileType = sourcecode.c.objc; path = SDWebImagePrefetcher.m; sourceTree = "<group>"; };
		702B6EC31FFF185D00723A50 /* UIButton+WebCache.h */ = {isa = PBXFileReference; fileEncoding = 4; lastKnownFileType = sourcecode.c.h; path = "UIButton+WebCache.h"; sourceTree = "<group>"; };
		702B6EC41FFF185D00723A50 /* UIButton+WebCache.m */ = {isa = PBXFileReference; fileEncoding = 4; lastKnownFileType = sourcecode.c.objc; path = "UIButton+WebCache.m"; sourceTree = "<group>"; };
		702B6EC51FFF185D00723A50 /* UIImage+GIF.h */ = {isa = PBXFileReference; fileEncoding = 4; lastKnownFileType = sourcecode.c.h; path = "UIImage+GIF.h"; sourceTree = "<group>"; };
		702B6EC61FFF185D00723A50 /* UIImage+GIF.m */ = {isa = PBXFileReference; fileEncoding = 4; lastKnownFileType = sourcecode.c.objc; path = "UIImage+GIF.m"; sourceTree = "<group>"; };
		702B6EC71FFF185D00723A50 /* UIImage+MultiFormat.h */ = {isa = PBXFileReference; fileEncoding = 4; lastKnownFileType = sourcecode.c.h; path = "UIImage+MultiFormat.h"; sourceTree = "<group>"; };
		702B6EC81FFF185D00723A50 /* UIImage+MultiFormat.m */ = {isa = PBXFileReference; fileEncoding = 4; lastKnownFileType = sourcecode.c.objc; path = "UIImage+MultiFormat.m"; sourceTree = "<group>"; };
		702B6EC91FFF185D00723A50 /* UIImage+WebP.h */ = {isa = PBXFileReference; fileEncoding = 4; lastKnownFileType = sourcecode.c.h; path = "UIImage+WebP.h"; sourceTree = "<group>"; };
		702B6ECA1FFF185D00723A50 /* UIImage+WebP.m */ = {isa = PBXFileReference; fileEncoding = 4; lastKnownFileType = sourcecode.c.objc; path = "UIImage+WebP.m"; sourceTree = "<group>"; };
		702B6ECB1FFF185D00723A50 /* UIImageView+HighlightedWebCache.h */ = {isa = PBXFileReference; fileEncoding = 4; lastKnownFileType = sourcecode.c.h; path = "UIImageView+HighlightedWebCache.h"; sourceTree = "<group>"; };
		702B6ECC1FFF185D00723A50 /* UIImageView+HighlightedWebCache.m */ = {isa = PBXFileReference; fileEncoding = 4; lastKnownFileType = sourcecode.c.objc; path = "UIImageView+HighlightedWebCache.m"; sourceTree = "<group>"; };
		702B6ECD1FFF185D00723A50 /* UIImageView+WebCache.h */ = {isa = PBXFileReference; fileEncoding = 4; lastKnownFileType = sourcecode.c.h; path = "UIImageView+WebCache.h"; sourceTree = "<group>"; };
		702B6ECE1FFF185D00723A50 /* UIImageView+WebCache.m */ = {isa = PBXFileReference; fileEncoding = 4; lastKnownFileType = sourcecode.c.objc; path = "UIImageView+WebCache.m"; sourceTree = "<group>"; };
		702B6ECF1FFF185D00723A50 /* UIView+WebCacheOperation.h */ = {isa = PBXFileReference; fileEncoding = 4; lastKnownFileType = sourcecode.c.h; path = "UIView+WebCacheOperation.h"; sourceTree = "<group>"; };
		702B6ED01FFF185D00723A50 /* UIView+WebCacheOperation.m */ = {isa = PBXFileReference; fileEncoding = 4; lastKnownFileType = sourcecode.c.objc; path = "UIView+WebCacheOperation.m"; sourceTree = "<group>"; };
		702B6EE21FFF197300723A50 /* MBProgressHUD+Show.h */ = {isa = PBXFileReference; fileEncoding = 4; lastKnownFileType = sourcecode.c.h; path = "MBProgressHUD+Show.h"; sourceTree = "<group>"; };
		702B6EE31FFF197300723A50 /* MBProgressHUD+Show.m */ = {isa = PBXFileReference; fileEncoding = 4; lastKnownFileType = sourcecode.c.objc; path = "MBProgressHUD+Show.m"; sourceTree = "<group>"; };
		702B6EE41FFF197300723A50 /* MBProgressHUD.bundle */ = {isa = PBXFileReference; lastKnownFileType = "wrapper.plug-in"; path = MBProgressHUD.bundle; sourceTree = "<group>"; };
		702B6EE51FFF197300723A50 /* MBProgressHUD.h */ = {isa = PBXFileReference; fileEncoding = 4; lastKnownFileType = sourcecode.c.h; path = MBProgressHUD.h; sourceTree = "<group>"; };
		702B6EE61FFF197300723A50 /* MBProgressHUD.m */ = {isa = PBXFileReference; fileEncoding = 4; lastKnownFileType = sourcecode.c.objc; path = MBProgressHUD.m; sourceTree = "<group>"; };
		702B6EEC1FFF1A6000723A50 /* resource.xcassets */ = {isa = PBXFileReference; lastKnownFileType = folder.assetcatalog; path = resource.xcassets; sourceTree = "<group>"; };
		702B6EFE1FFF38DE00723A50 /* BaseViewController.h */ = {isa = PBXFileReference; fileEncoding = 4; lastKnownFileType = sourcecode.c.h; path = BaseViewController.h; sourceTree = "<group>"; };
		702B6EFF1FFF38DE00723A50 /* BaseViewController.m */ = {isa = PBXFileReference; fileEncoding = 4; lastKnownFileType = sourcecode.c.objc; path = BaseViewController.m; sourceTree = "<group>"; };
		702B6F011FFF5E7B00723A50 /* WMPhotoBrowser.gif */ = {isa = PBXFileReference; lastKnownFileType = image.gif; path = WMPhotoBrowser.gif; sourceTree = "<group>"; };
/* End PBXFileReference section */

/* Begin PBXFrameworksBuildPhase section */
		701ECB9C1FF6405A00EC8B4A /* Frameworks */ = {
			isa = PBXFrameworksBuildPhase;
			buildActionMask = 2147483647;
			files = (
			);
			runOnlyForDeploymentPostprocessing = 0;
		};
/* End PBXFrameworksBuildPhase section */

/* Begin PBXGroup section */
		701ECB961FF6405A00EC8B4A = {
			isa = PBXGroup;
			children = (
				701ECBA11FF6405A00EC8B4A /* WMPhotoBrowser */,
				701ECBA01FF6405A00EC8B4A /* Products */,
			);
			sourceTree = "<group>";
		};
		701ECBA01FF6405A00EC8B4A /* Products */ = {
			isa = PBXGroup;
			children = (
				701ECB9F1FF6405A00EC8B4A /* WMPhotoBrowser.app */,
			);
			name = Products;
			sourceTree = "<group>";
		};
		701ECBA11FF6405A00EC8B4A /* WMPhotoBrowser */ = {
			isa = PBXGroup;
			children = (
				701ECBA21FF6405A00EC8B4A /* AppDelegate.h */,
				701ECBA31FF6405A00EC8B4A /* AppDelegate.m */,
				702B6EFD1FFF38DE00723A50 /* BaseViewController */,
				701ECBA51FF6405A00EC8B4A /* ViewController.h */,
				701ECBA61FF6405A00EC8B4A /* ViewController.m */,
				701ECBB81FF640C300EC8B4A /* WMPhotoBrowser */,
				701ECBA81FF6405A00EC8B4A /* Main.storyboard */,
				702B6EE11FFF197300723A50 /* MBprogressHUD */,
				702B6EAF1FFF185D00723A50 /* SDWebImage */,
				701ECBAB1FF6405A00EC8B4A /* Assets.xcassets */,
				701ECBAD1FF6405A00EC8B4A /* LaunchScreen.storyboard */,
				702B6F011FFF5E7B00723A50 /* WMPhotoBrowser.gif */,
				701ECBB01FF6405A00EC8B4A /* Info.plist */,
				701ECBB11FF6405A00EC8B4A /* main.m */,
			);
			path = WMPhotoBrowser;
			sourceTree = "<group>";
		};
		701ECBB81FF640C300EC8B4A /* WMPhotoBrowser */ = {
			isa = PBXGroup;
			children = (
				7018F2801FFB61B90060CC33 /* WMPhotoBrowser.h */,
				7018F2811FFB61B90060CC33 /* WMPhotoBrowser.m */,
				702B6EEC1FFF1A6000723A50 /* resource.xcassets */,
				7018F2831FFB62560060CC33 /* WMPhotoBrowserCell.h */,
				7018F2841FFB62560060CC33 /* WMPhotoBrowserCell.m */,
				702B6EAC1FFF179D00723A50 /* UIView+WMFrame.h */,
				702B6EAD1FFF179D00723A50 /* UIView+WMFrame.m */,
			);
			path = WMPhotoBrowser;
			sourceTree = "<group>";
		};
		702B6EAF1FFF185D00723A50 /* SDWebImage */ = {
			isa = PBXGroup;
			children = (
				702B6EB01FFF185D00723A50 /* MKAnnotationView+WebCache.h */,
				702B6EB11FFF185D00723A50 /* MKAnnotationView+WebCache.m */,
				702B6EB21FFF185D00723A50 /* NSData+ImageContentType.h */,
				702B6EB31FFF185D00723A50 /* NSData+ImageContentType.m */,
				702B6EB41FFF185D00723A50 /* SDImageCache.h */,
				702B6EB51FFF185D00723A50 /* SDImageCache.m */,
				702B6EB61FFF185D00723A50 /* SDWebImageCompat.h */,
				702B6EB71FFF185D00723A50 /* SDWebImageCompat.m */,
				702B6EB81FFF185D00723A50 /* SDWebImageDecoder.h */,
				702B6EB91FFF185D00723A50 /* SDWebImageDecoder.m */,
				702B6EBA1FFF185D00723A50 /* SDWebImageDownloader.h */,
				702B6EBB1FFF185D00723A50 /* SDWebImageDownloader.m */,
				702B6EBC1FFF185D00723A50 /* SDWebImageDownloaderOperation.h */,
				702B6EBD1FFF185D00723A50 /* SDWebImageDownloaderOperation.m */,
				702B6EBE1FFF185D00723A50 /* SDWebImageManager.h */,
				702B6EBF1FFF185D00723A50 /* SDWebImageManager.m */,
				702B6EC01FFF185D00723A50 /* SDWebImageOperation.h */,
				702B6EC11FFF185D00723A50 /* SDWebImagePrefetcher.h */,
				702B6EC21FFF185D00723A50 /* SDWebImagePrefetcher.m */,
				702B6EC31FFF185D00723A50 /* UIButton+WebCache.h */,
				702B6EC41FFF185D00723A50 /* UIButton+WebCache.m */,
				702B6EC51FFF185D00723A50 /* UIImage+GIF.h */,
				702B6EC61FFF185D00723A50 /* UIImage+GIF.m */,
				702B6EC71FFF185D00723A50 /* UIImage+MultiFormat.h */,
				702B6EC81FFF185D00723A50 /* UIImage+MultiFormat.m */,
				702B6EC91FFF185D00723A50 /* UIImage+WebP.h */,
				702B6ECA1FFF185D00723A50 /* UIImage+WebP.m */,
				702B6ECB1FFF185D00723A50 /* UIImageView+HighlightedWebCache.h */,
				702B6ECC1FFF185D00723A50 /* UIImageView+HighlightedWebCache.m */,
				702B6ECD1FFF185D00723A50 /* UIImageView+WebCache.h */,
				702B6ECE1FFF185D00723A50 /* UIImageView+WebCache.m */,
				702B6ECF1FFF185D00723A50 /* UIView+WebCacheOperation.h */,
				702B6ED01FFF185D00723A50 /* UIView+WebCacheOperation.m */,
			);
			path = SDWebImage;
			sourceTree = "<group>";
		};
		702B6EE11FFF197300723A50 /* MBprogressHUD */ = {
			isa = PBXGroup;
			children = (
				702B6EE21FFF197300723A50 /* MBProgressHUD+Show.h */,
				702B6EE31FFF197300723A50 /* MBProgressHUD+Show.m */,
				702B6EE41FFF197300723A50 /* MBProgressHUD.bundle */,
				702B6EE51FFF197300723A50 /* MBProgressHUD.h */,
				702B6EE61FFF197300723A50 /* MBProgressHUD.m */,
			);
			path = MBprogressHUD;
			sourceTree = "<group>";
		};
		702B6EFD1FFF38DE00723A50 /* BaseViewController */ = {
			isa = PBXGroup;
			children = (
				702B6EFE1FFF38DE00723A50 /* BaseViewController.h */,
				702B6EFF1FFF38DE00723A50 /* BaseViewController.m */,
			);
			path = BaseViewController;
			sourceTree = "<group>";
		};
/* End PBXGroup section */

/* Begin PBXNativeTarget section */
		701ECB9E1FF6405A00EC8B4A /* WMPhotoBrowser */ = {
			isa = PBXNativeTarget;
			buildConfigurationList = 701ECBB51FF6405A00EC8B4A /* Build configuration list for PBXNativeTarget "WMPhotoBrowser" */;
			buildPhases = (
				701ECB9B1FF6405A00EC8B4A /* Sources */,
				701ECB9C1FF6405A00EC8B4A /* Frameworks */,
				701ECB9D1FF6405A00EC8B4A /* Resources */,
			);
			buildRules = (
			);
			dependencies = (
			);
			name = WMPhotoBrowser;
			productName = WMPhotoBrowser;
			productReference = 701ECB9F1FF6405A00EC8B4A /* WMPhotoBrowser.app */;
			productType = "com.apple.product-type.application";
		};
/* End PBXNativeTarget section */

/* Begin PBXProject section */
		701ECB971FF6405A00EC8B4A /* Project object */ = {
			isa = PBXProject;
			attributes = {
				LastUpgradeCheck = 0910;
				ORGANIZATIONNAME = zhengwenming;
				TargetAttributes = {
					701ECB9E1FF6405A00EC8B4A = {
						CreatedOnToolsVersion = 9.1;
						ProvisioningStyle = Automatic;
					};
				};
			};
			buildConfigurationList = 701ECB9A1FF6405A00EC8B4A /* Build configuration list for PBXProject "WMPhotoBrowser" */;
			compatibilityVersion = "Xcode 8.0";
			developmentRegion = en;
			hasScannedForEncodings = 0;
			knownRegions = (
				en,
				Base,
			);
			mainGroup = 701ECB961FF6405A00EC8B4A;
			productRefGroup = 701ECBA01FF6405A00EC8B4A /* Products */;
			projectDirPath = "";
			projectRoot = "";
			targets = (
				701ECB9E1FF6405A00EC8B4A /* WMPhotoBrowser */,
			);
		};
/* End PBXProject section */

/* Begin PBXResourcesBuildPhase section */
		701ECB9D1FF6405A00EC8B4A /* Resources */ = {
			isa = PBXResourcesBuildPhase;
			buildActionMask = 2147483647;
			files = (
				701ECBAF1FF6405A00EC8B4A /* LaunchScreen.storyboard in Resources */,
				702B6EE81FFF197300723A50 /* MBProgressHUD.bundle in Resources */,
				701ECBAC1FF6405A00EC8B4A /* Assets.xcassets in Resources */,
				701ECBAA1FF6405A00EC8B4A /* Main.storyboard in Resources */,
				702B6F021FFF5E7C00723A50 /* WMPhotoBrowser.gif in Resources */,
				702B6EED1FFF1A6000723A50 /* resource.xcassets in Resources */,
			);
			runOnlyForDeploymentPostprocessing = 0;
		};
/* End PBXResourcesBuildPhase section */

/* Begin PBXSourcesBuildPhase section */
		701ECB9B1FF6405A00EC8B4A /* Sources */ = {
			isa = PBXSourcesBuildPhase;
			buildActionMask = 2147483647;
			files = (
				702B6EAE1FFF179D00723A50 /* UIView+WMFrame.m in Sources */,
				702B6ED81FFF185D00723A50 /* SDWebImageManager.m in Sources */,
				702B6ED31FFF185D00723A50 /* SDImageCache.m in Sources */,
				702B6ED71FFF185D00723A50 /* SDWebImageDownloaderOperation.m in Sources */,
				702B6EE01FFF185D00723A50 /* UIView+WebCacheOperation.m in Sources */,
				7018F2851FFB62560060CC33 /* WMPhotoBrowserCell.m in Sources */,
				702B6EDA1FFF185D00723A50 /* UIButton+WebCache.m in Sources */,
				702B6EE91FFF197300723A50 /* MBProgressHUD.m in Sources */,
				702B6ED21FFF185D00723A50 /* NSData+ImageContentType.m in Sources */,
				702B6ED91FFF185D00723A50 /* SDWebImagePrefetcher.m in Sources */,
				702B6ED61FFF185D00723A50 /* SDWebImageDownloader.m in Sources */,
				702B6F001FFF38DE00723A50 /* BaseViewController.m in Sources */,
				702B6EE71FFF197300723A50 /* MBProgressHUD+Show.m in Sources */,
				701ECBA71FF6405A00EC8B4A /* ViewController.m in Sources */,
				702B6EDD1FFF185D00723A50 /* UIImage+WebP.m in Sources */,
				702B6EDF1FFF185D00723A50 /* UIImageView+WebCache.m in Sources */,
				702B6ED51FFF185D00723A50 /* SDWebImageDecoder.m in Sources */,
				701ECBB21FF6405A00EC8B4A /* main.m in Sources */,
				702B6ED11FFF185D00723A50 /* MKAnnotationView+WebCache.m in Sources */,
				702B6ED41FFF185D00723A50 /* SDWebImageCompat.m in Sources */,
				701ECBA41FF6405A00EC8B4A /* AppDelegate.m in Sources */,
				7018F2821FFB61B90060CC33 /* WMPhotoBrowser.m in Sources */,
				702B6EDC1FFF185D00723A50 /* UIImage+MultiFormat.m in Sources */,
				702B6EDE1FFF185D00723A50 /* UIImageView+HighlightedWebCache.m in Sources */,
				702B6EDB1FFF185D00723A50 /* UIImage+GIF.m in Sources */,
			);
			runOnlyForDeploymentPostprocessing = 0;
		};
/* End PBXSourcesBuildPhase section */

/* Begin PBXVariantGroup section */
		701ECBA81FF6405A00EC8B4A /* Main.storyboard */ = {
			isa = PBXVariantGroup;
			children = (
				701ECBA91FF6405A00EC8B4A /* Base */,
			);
			name = Main.storyboard;
			sourceTree = "<group>";
		};
		701ECBAD1FF6405A00EC8B4A /* LaunchScreen.storyboard */ = {
			isa = PBXVariantGroup;
			children = (
				701ECBAE1FF6405A00EC8B4A /* Base */,
			);
			name = LaunchScreen.storyboard;
			sourceTree = "<group>";
		};
/* End PBXVariantGroup section */

/* Begin XCBuildConfiguration section */
		701ECBB31FF6405A00EC8B4A /* Debug */ = {
			isa = XCBuildConfiguration;
			buildSettings = {
				ALWAYS_SEARCH_USER_PATHS = NO;
				CLANG_ANALYZER_NONNULL = YES;
				CLANG_ANALYZER_NUMBER_OBJECT_CONVERSION = YES_AGGRESSIVE;
				CLANG_CXX_LANGUAGE_STANDARD = "gnu++14";
				CLANG_CXX_LIBRARY = "libc++";
				CLANG_ENABLE_MODULES = YES;
				CLANG_ENABLE_OBJC_ARC = YES;
				CLANG_WARN_BLOCK_CAPTURE_AUTORELEASING = YES;
				CLANG_WARN_BOOL_CONVERSION = YES;
				CLANG_WARN_COMMA = YES;
				CLANG_WARN_CONSTANT_CONVERSION = YES;
				CLANG_WARN_DIRECT_OBJC_ISA_USAGE = YES_ERROR;
				CLANG_WARN_DOCUMENTATION_COMMENTS = YES;
				CLANG_WARN_EMPTY_BODY = YES;
				CLANG_WARN_ENUM_CONVERSION = YES;
				CLANG_WARN_INFINITE_RECURSION = YES;
				CLANG_WARN_INT_CONVERSION = YES;
				CLANG_WARN_NON_LITERAL_NULL_CONVERSION = YES;
				CLANG_WARN_OBJC_LITERAL_CONVERSION = YES;
				CLANG_WARN_OBJC_ROOT_CLASS = YES_ERROR;
				CLANG_WARN_RANGE_LOOP_ANALYSIS = YES;
				CLANG_WARN_STRICT_PROTOTYPES = YES;
				CLANG_WARN_SUSPICIOUS_MOVE = YES;
				CLANG_WARN_UNGUARDED_AVAILABILITY = YES_AGGRESSIVE;
				CLANG_WARN_UNREACHABLE_CODE = YES;
				CLANG_WARN__DUPLICATE_METHOD_MATCH = YES;
				CODE_SIGN_IDENTITY = "iPhone Developer";
				COPY_PHASE_STRIP = NO;
				DEBUG_INFORMATION_FORMAT = dwarf;
				ENABLE_STRICT_OBJC_MSGSEND = YES;
				ENABLE_TESTABILITY = YES;
				GCC_C_LANGUAGE_STANDARD = gnu11;
				GCC_DYNAMIC_NO_PIC = NO;
				GCC_NO_COMMON_BLOCKS = YES;
				GCC_OPTIMIZATION_LEVEL = 0;
				GCC_PREPROCESSOR_DEFINITIONS = (
					"DEBUG=1",
					"$(inherited)",
				);
				GCC_WARN_64_TO_32_BIT_CONVERSION = YES;
				GCC_WARN_ABOUT_RETURN_TYPE = YES_ERROR;
				GCC_WARN_UNDECLARED_SELECTOR = YES;
				GCC_WARN_UNINITIALIZED_AUTOS = YES_AGGRESSIVE;
				GCC_WARN_UNUSED_FUNCTION = YES;
				GCC_WARN_UNUSED_VARIABLE = YES;
				IPHONEOS_DEPLOYMENT_TARGET = 11.1;
				MTL_ENABLE_DEBUG_INFO = YES;
				ONLY_ACTIVE_ARCH = YES;
				SDKROOT = iphoneos;
			};
			name = Debug;
		};
		701ECBB41FF6405A00EC8B4A /* Release */ = {
			isa = XCBuildConfiguration;
			buildSettings = {
				ALWAYS_SEARCH_USER_PATHS = NO;
				CLANG_ANALYZER_NONNULL = YES;
				CLANG_ANALYZER_NUMBER_OBJECT_CONVERSION = YES_AGGRESSIVE;
				CLANG_CXX_LANGUAGE_STANDARD = "gnu++14";
				CLANG_CXX_LIBRARY = "libc++";
				CLANG_ENABLE_MODULES = YES;
				CLANG_ENABLE_OBJC_ARC = YES;
				CLANG_WARN_BLOCK_CAPTURE_AUTORELEASING = YES;
				CLANG_WARN_BOOL_CONVERSION = YES;
				CLANG_WARN_COMMA = YES;
				CLANG_WARN_CONSTANT_CONVERSION = YES;
				CLANG_WARN_DIRECT_OBJC_ISA_USAGE = YES_ERROR;
				CLANG_WARN_DOCUMENTATION_COMMENTS = YES;
				CLANG_WARN_EMPTY_BODY = YES;
				CLANG_WARN_ENUM_CONVERSION = YES;
				CLANG_WARN_INFINITE_RECURSION = YES;
				CLANG_WARN_INT_CONVERSION = YES;
				CLANG_WARN_NON_LITERAL_NULL_CONVERSION = YES;
				CLANG_WARN_OBJC_LITERAL_CONVERSION = YES;
				CLANG_WARN_OBJC_ROOT_CLASS = YES_ERROR;
				CLANG_WARN_RANGE_LOOP_ANALYSIS = YES;
				CLANG_WARN_STRICT_PROTOTYPES = YES;
				CLANG_WARN_SUSPICIOUS_MOVE = YES;
				CLANG_WARN_UNGUARDED_AVAILABILITY = YES_AGGRESSIVE;
				CLANG_WARN_UNREACHABLE_CODE = YES;
				CLANG_WARN__DUPLICATE_METHOD_MATCH = YES;
				CODE_SIGN_IDENTITY = "iPhone Developer";
				COPY_PHASE_STRIP = NO;
				DEBUG_INFORMATION_FORMAT = "dwarf-with-dsym";
				ENABLE_NS_ASSERTIONS = NO;
				ENABLE_STRICT_OBJC_MSGSEND = YES;
				GCC_C_LANGUAGE_STANDARD = gnu11;
				GCC_NO_COMMON_BLOCKS = YES;
				GCC_WARN_64_TO_32_BIT_CONVERSION = YES;
				GCC_WARN_ABOUT_RETURN_TYPE = YES_ERROR;
				GCC_WARN_UNDECLARED_SELECTOR = YES;
				GCC_WARN_UNINITIALIZED_AUTOS = YES_AGGRESSIVE;
				GCC_WARN_UNUSED_FUNCTION = YES;
				GCC_WARN_UNUSED_VARIABLE = YES;
				IPHONEOS_DEPLOYMENT_TARGET = 11.1;
				MTL_ENABLE_DEBUG_INFO = NO;
				SDKROOT = iphoneos;
				VALIDATE_PRODUCT = YES;
			};
			name = Release;
		};
		701ECBB61FF6405A00EC8B4A /* Debug */ = {
			isa = XCBuildConfiguration;
			buildSettings = {
				ASSETCATALOG_COMPILER_APPICON_NAME = AppIcon;
				CODE_SIGN_STYLE = Automatic;
				DEVELOPMENT_TEAM = 7D992WX2BB;
				INFOPLIST_FILE = WMPhotoBrowser/Info.plist;
				IPHONEOS_DEPLOYMENT_TARGET = 8.0;
				LD_RUNPATH_SEARCH_PATHS = "$(inherited) @executable_path/Frameworks";
				PRODUCT_BUNDLE_IDENTIFIER = wenming.WMPhotoBrowser;
				PRODUCT_NAME = "$(TARGET_NAME)";
				TARGETED_DEVICE_FAMILY = "1,2";
			};
			name = Debug;
		};
		701ECBB71FF6405A00EC8B4A /* Release */ = {
			isa = XCBuildConfiguration;
			buildSettings = {
				ASSETCATALOG_COMPILER_APPICON_NAME = AppIcon;
				CODE_SIGN_STYLE = Automatic;
				DEVELOPMENT_TEAM = 7D992WX2BB;
				INFOPLIST_FILE = WMPhotoBrowser/Info.plist;
				IPHONEOS_DEPLOYMENT_TARGET = 8.0;
				LD_RUNPATH_SEARCH_PATHS = "$(inherited) @executable_path/Frameworks";
				PRODUCT_BUNDLE_IDENTIFIER = wenming.WMPhotoBrowser;
				PRODUCT_NAME = "$(TARGET_NAME)";
				TARGETED_DEVICE_FAMILY = "1,2";
			};
			name = Release;
		};
/* End XCBuildConfiguration section */

/* Begin XCConfigurationList section */
		701ECB9A1FF6405A00EC8B4A /* Build configuration list for PBXProject "WMPhotoBrowser" */ = {
			isa = XCConfigurationList;
			buildConfigurations = (
				701ECBB31FF6405A00EC8B4A /* Debug */,
				701ECBB41FF6405A00EC8B4A /* Release */,
			);
			defaultConfigurationIsVisible = 0;
			defaultConfigurationName = Release;
		};
		701ECBB51FF6405A00EC8B4A /* Build configuration list for PBXNativeTarget "WMPhotoBrowser" */ = {
			isa = XCConfigurationList;
			buildConfigurations = (
				701ECBB61FF6405A00EC8B4A /* Debug */,
				701ECBB71FF6405A00EC8B4A /* Release */,
			);
			defaultConfigurationIsVisible = 0;
			defaultConfigurationName = Release;
		};
/* End XCConfigurationList section */
	};
	rootObject = 701ECB971FF6405A00EC8B4A /* Project object */;
}
